
Microsoft Visual Studio Solution File, Format Version 12.00
# Visual Studio 15
VisualStudioVersion = 15.0.28307.1401
MinimumVisualStudioVersion = 10.0.40219.1
Project("{2150E333-8FDC-42A3-9474-1A3956D46DE8}") = "Solution Items", "Solution Items", "{B76670CD-8A02-4E43-BC34-6AB0FB250868}"
EndProject
Project("{FAE04EC0-301F-11D3-BF4B-00C04F79EFBC}") = "Monitor_AGV", "Monitor_AGV\Monitor_AGV.csproj", "{F5B90A8A-19DE-4CCE-B4D3-AAB23C98642A}"
EndProject
Global
	GlobalSection(SolutionConfigurationPlatforms) = preSolution
		Debug|Any CPU = Debug|Any CPU
		Release|Any CPU = Release|Any CPU
	EndGlobalSection
	GlobalSection(ProjectConfigurationPlatforms) = postSolution
		{F5B90A8A-19DE-4CCE-B4D3-AAB23C98642A}.Debug|Any CPU.ActiveCfg = Debug|Any CPU
		{F5B90A8A-19DE-4CCE-B4D3-AAB23C98642A}.Debug|Any CPU.Build.0 = Debug|Any CPU
		{F5B90A8A-19DE-4CCE-B4D3-AAB23C98642A}.Release|Any CPU.ActiveCfg = Release|Any CPU
		{F5B90A8A-19DE-4CCE-B4D3-AAB23C98642A}.Release|Any CPU.Build.0 = Release|Any CPU
	EndGlobalSection
	GlobalSection(SolutionProperties) = preSolution
		HideSolutionNode = FALSE
	EndGlobalSection
	GlobalSection(ExtensibilityGlobals) = postSolution
		SolutionGuid = {98A579A6-8CFE-49C0-B9C9-25E023E92DD2}
	EndGlobalSection
EndGlobal
